
Microsoft Visual Studio Solution File, Format Version 12.00
# Visual Studio Version 16
VisualStudioVersion = 16.0.30711.63
MinimumVisualStudioVersion = 10.0.40219.1
Project("{FAE04EC0-301F-11D3-BF4B-00C04F79EFBC}") = "Dolphins.Salaam", "Dolphins.Salaam.csproj", "{7A9503DC-6A20-463F-BDA9-FC0F9234D34E}"
EndProject
Global
	GlobalSection(SolutionConfigurationPlatforms) = preSolution
		Debug|Any CPU = Debug|Any CPU
		Debug|x86 = Debug|x86
		Release|Any CPU = Release|Any CPU
		Release|x86 = Release|x86
	EndGlobalSection
	GlobalSection(ProjectConfigurationPlatforms) = postSolution
		{7A9503DC-6A20-463F-BDA9-FC0F9234D34E}.Debug|Any CPU.ActiveCfg = Debug|Any CPU
		{7A9503DC-6A20-463F-BDA9-FC0F9234D34E}.Debug|Any CPU.Build.0 = Debug|Any CPU
		{7A9503DC-6A20-463F-BDA9-FC0F9234D34E}.Debug|x86.ActiveCfg = Debug|x86
		{7A9503DC-6A20-463F-BDA9-FC0F9234D34E}.Debug|x86.Build.0 = Debug|x86
		{7A9503DC-6A20-463F-BDA9-FC0F9234D34E}.Release|Any CPU.ActiveCfg = Release|Any CPU
		{7A9503DC-6A20-463F-BDA9-FC0F9234D34E}.Release|Any CPU.Build.0 = Release|Any CPU
		{7A9503DC-6A20-463F-BDA9-FC0F9234D34E}.Release|x86.ActiveCfg = Release|x86
		{7A9503DC-6A20-463F-BDA9-FC0F9234D34E}.Release|x86.Build.0 = Release|x86
	EndGlobalSection
	GlobalSection(SolutionProperties) = preSolution
		HideSolutionNode = FALSE
	EndGlobalSection
	GlobalSection(ExtensibilityGlobals) = postSolution
		SolutionGuid = {94D16CAF-3EA5-4DDB-87BC-5889D1E680F0}
	EndGlobalSection
	GlobalSection(MonoDevelopProperties) = preSolution
		StartupItem = Dolphins.Salaam.csproj
		Policies = $0
		$0.DotNetNamingPolicy = $1
		$1.DirectoryNamespaceAssociation = None
		$1.ResourceNamePolicy = FileFormatDefault
		$0.StandardHeader = $2
		$2.Text = 
		$2.IncludeInNewFiles = True
		$0.VersionControlPolicy = $3
		$3.inheritsSet = Mono
		$0.ChangeLogPolicy = $4
		$4.UpdateMode = None
		$4.MessageStyle = $5
		$5.LineAlign = 0
		$4.inheritsSet = Mono
	EndGlobalSection
EndGlobal
